// !$*UTF8*$!
{
	archiveVersion = 1;
	classes = {
	};
	objectVersion = 46;
	objects = {

/* Begin PBXBuildFile section */
		A128DDF21B987A39007C0762 /* AppDelegate.swift in Sources */ = {isa = PBXBuildFile; fileRef = A128DDF11B987A39007C0762 /* AppDelegate.swift */; };
		A128DDF41B987A39007C0762 /* ViewController.swift in Sources */ = {isa = PBXBuildFile; fileRef = A128DDF31B987A39007C0762 /* ViewController.swift */; };
		A128DDF71B987A39007C0762 /* Main.storyboard in Resources */ = {isa = PBXBuildFile; fileRef = A128DDF51B987A39007C0762 /* Main.storyboard */; };
		A128DDF91B987A39007C0762 /* Assets.xcassets in Resources */ = {isa = PBXBuildFile; fileRef = A128DDF81B987A39007C0762 /* Assets.xcassets */; };
		A128DDFC1B987A39007C0762 /* LaunchScreen.storyboard in Resources */ = {isa = PBXBuildFile; fileRef = A128DDFA1B987A39007C0762 /* LaunchScreen.storyboard */; };
		A128DE071B987A39007C0762 /* FoodTrackerTests.swift in Sources */ = {isa = PBXBuildFile; fileRef = A128DE061B987A39007C0762 /* FoodTrackerTests.swift */; };
		A148A3F61B9A8BC6001F9110 /* RatingControl.swift in Sources */ = {isa = PBXBuildFile; fileRef = A148A3F51B9A8BC6001F9110 /* RatingControl.swift */; settings = {ASSET_TAGS = (); }; };
/* End PBXBuildFile section */

/* Begin PBXContainerItemProxy section */
		A128DE031B987A39007C0762 /* PBXContainerItemProxy */ = {
			isa = PBXContainerItemProxy;
			containerPortal = A128DDE61B987A39007C0762 /* Project object */;
			proxyType = 1;
			remoteGlobalIDString = A128DDED1B987A39007C0762;
			remoteInfo = FoodTracker;
		};
/* End PBXContainerItemProxy section */

/* Begin PBXFileReference section */
		A128DDEE1B987A39007C0762 /* FoodTracker.app */ = {isa = PBXFileReference; explicitFileType = wrapper.application; includeInIndex = 0; path = FoodTracker.app; sourceTree = BUILT_PRODUCTS_DIR; };
		A128DDF11B987A39007C0762 /* AppDelegate.swift */ = {isa = PBXFileReference; lastKnownFileType = sourcecode.swift; path = AppDelegate.swift; sourceTree = "<group>"; };
		A128DDF31B987A39007C0762 /* ViewController.swift */ = {isa = PBXFileReference; lastKnownFileType = sourcecode.swift; path = ViewController.swift; sourceTree = "<group>"; };
		A128DDF61B987A39007C0762 /* Base */ = {isa = PBXFileReference; lastKnownFileType = file.storyboard; name = Base; path = Base.lproj/Main.storyboard; sourceTree = "<group>"; };
		A128DDF81B987A39007C0762 /* Assets.xcassets */ = {isa = PBXFileReference; lastKnownFileType = folder.assetcatalog; path = Assets.xcassets; sourceTree = "<group>"; };
		A128DDFB1B987A39007C0762 /* Base */ = {isa = PBXFileReference; lastKnownFileType = file.storyboard; name = Base; path = Base.lproj/LaunchScreen.storyboard; sourceTree = "<group>"; };
		A128DDFD1B987A39007C0762 /* Info.plist */ = {isa = PBXFileReference; lastKnownFileType = text.plist.xml; path = Info.plist; sourceTree = "<group>"; };
		A128DE021B987A39007C0762 /* FoodTrackerTests.xctest */ = {isa = PBXFileReference; explicitFileType = wrapper.cfbundle; includeInIndex = 0; path = FoodTrackerTests.xctest; sourceTree = BUILT_PRODUCTS_DIR; };
		A128DE061B987A39007C0762 /* FoodTrackerTests.swift */ = {isa = PBXFileReference; lastKnownFileType = sourcecode.swift; path = FoodTrackerTests.swift; sourceTree = "<group>"; };
		A128DE081B987A39007C0762 /* Info.plist */ = {isa = PBXFileReference; lastKnownFileType = text.plist.xml; path = Info.plist; sourceTree = "<group>"; };
		A148A3F51B9A8BC6001F9110 /* RatingControl.swift */ = {isa = PBXFileReference; fileEncoding = 4; lastKnownFileType = sourcecode.swift; path = RatingControl.swift; sourceTree = "<group>"; };
/* End PBXFileReference section */

/* Begin PBXFrameworksBuildPhase section */
		A128DDEB1B987A39007C0762 /* Frameworks */ = {
			isa = PBXFrameworksBuildPhase;
			buildActionMask = 2147483647;
			files = (
			);
			runOnlyForDeploymentPostprocessing = 0;
		};
		A128DDFF1B987A39007C0762 /* Frameworks */ = {
			isa = PBXFrameworksBuildPhase;
			buildActionMask = 2147483647;
			files = (
			);
			runOnlyForDeploymentPostprocessing = 0;
		};
/* End PBXFrameworksBuildPhase section */

/* Begin PBXGroup section */
		A128DDE51B987A39007C0762 = {
			isa = PBXGroup;
			children = (
				A128DDF01B987A39007C0762 /* FoodTracker */,
				A128DE051B987A39007C0762 /* FoodTrackerTests */,
				A128DDEF1B987A39007C0762 /* Products */,
			);
			sourceTree = "<group>";
		};
		A128DDEF1B987A39007C0762 /* Products */ = {
			isa = PBXGroup;
			children = (
				A128DDEE1B987A39007C0762 /* FoodTracker.app */,
				A128DE021B987A39007C0762 /* FoodTrackerTests.xctest */,
			);
			name = Products;
			sourceTree = "<group>";
		};
		A128DDF01B987A39007C0762 /* FoodTracker */ = {
			isa = PBXGroup;
			children = (
				A128DDF11B987A39007C0762 /* AppDelegate.swift */,
				A128DDF31B987A39007C0762 /* ViewController.swift */,
				A128DDF51B987A39007C0762 /* Main.storyboard */,
				A128DDF81B987A39007C0762 /* Assets.xcassets */,
				A128DDFA1B987A39007C0762 /* LaunchScreen.storyboard */,
				A128DDFD1B987A39007C0762 /* Info.plist */,
				A148A3F51B9A8BC6001F9110 /* RatingControl.swift */,
			);
			path = FoodTracker;
			sourceTree = "<group>";
		};
		A128DE051B987A39007C0762 /* FoodTrackerTests */ = {
			isa = PBXGroup;
			children = (
				A128DE061B987A39007C0762 /* FoodTrackerTests.swift */,
				A128DE081B987A39007C0762 /* Info.plist */,
			);
			path = FoodTrackerTests;
			sourceTree = "<group>";
		};
/* End PBXGroup section */

/* Begin PBXNativeTarget section */
		A128DDED1B987A39007C0762 /* FoodTracker */ = {
			isa = PBXNativeTarget;
			buildConfigurationList = A128DE0B1B987A39007C0762 /* Build configuration list for PBXNativeTarget "FoodTracker" */;
			buildPhases = (
				A128DDEA1B987A39007C0762 /* Sources */,
				A128DDEB1B987A39007C0762 /* Frameworks */,
				A128DDEC1B987A39007C0762 /* Resources */,
			);
			buildRules = (
			);
			dependencies = (
			);
			name = FoodTracker;
			productName = FoodTracker;
			productReference = A128DDEE1B987A39007C0762 /* FoodTracker.app */;
			productType = "com.apple.product-type.application";
		};
		A128DE011B987A39007C0762 /* FoodTrackerTests */ = {
			isa = PBXNativeTarget;
			buildConfigurationList = A128DE0E1B987A39007C0762 /* Build configuration list for PBXNativeTarget "FoodTrackerTests" */;
			buildPhases = (
				A128DDFE1B987A39007C0762 /* Sources */,
				A128DDFF1B987A39007C0762 /* Frameworks */,
				A128DE001B987A39007C0762 /* Resources */,
			);
			buildRules = (
			);
			dependencies = (
				A128DE041B987A39007C0762 /* PBXTargetDependency */,
			);
			name = FoodTrackerTests;
			productName = FoodTrackerTests;
			productReference = A128DE021B987A39007C0762 /* FoodTrackerTests.xctest */;
			productType = "com.apple.product-type.bundle.unit-test";
		};
/* End PBXNativeTarget section */

/* Begin PBXProject section */
		A128DDE61B987A39007C0762 /* Project object */ = {
			isa = PBXProject;
			attributes = {
				LastUpgradeCheck = 0700;
				TargetAttributes = {
					A128DDED1B987A39007C0762 = {
						CreatedOnToolsVersion = 7.0;
					};
					A128DE011B987A39007C0762 = {
						CreatedOnToolsVersion = 7.0;
						TestTargetID = A128DDED1B987A39007C0762;
					};
				};
			};
			buildConfigurationList = A128DDE91B987A39007C0762 /* Build configuration list for PBXProject "FoodTracker" */;
			compatibilityVersion = "Xcode 3.2";
			developmentRegion = English;
			hasScannedForEncodings = 0;
			knownRegions = (
				en,
				Base,
			);
			mainGroup = A128DDE51B987A39007C0762;
			productRefGroup = A128DDEF1B987A39007C0762 /* Products */;
			projectDirPath = "";
			projectRoot = "";
			targets = (
				A128DDED1B987A39007C0762 /* FoodTracker */,
				A128DE011B987A39007C0762 /* FoodTrackerTests */,
			);
		};
/* End PBXProject section */

/* Begin PBXResourcesBuildPhase section */
		A128DDEC1B987A39007C0762 /* Resources */ = {
			isa = PBXResourcesBuildPhase;
			buildActionMask = 2147483647;
			files = (
				A128DDFC1B987A39007C0762 /* LaunchScreen.storyboard in Resources */,
				A128DDF91B987A39007C0762 /* Assets.xcassets in Resources */,
				A128DDF71B987A39007C0762 /* Main.storyboard in Resources */,
			);
			runOnlyForDeploymentPostprocessing = 0;
		};
		A128DE001B987A39007C0762 /* Resources */ = {
			isa = PBXResourcesBuildPhase;
			buildActionMask = 2147483647;
			files = (
			);
			runOnlyForDeploymentPostprocessing = 0;
		};
/* End PBXResourcesBuildPhase section */

/* Begin PBXSourcesBuildPhase section */
		A128DDEA1B987A39007C0762 /* Sources */ = {
			isa = PBXSourcesBuildPhase;
			buildActionMask = 2147483647;
			files = (
				A128DDF41B987A39007C0762 /* ViewController.swift in Sources */,
				A148A3F61B9A8BC6001F9110 /* RatingControl.swift in Sources */,
				A128DDF21B987A39007C0762 /* AppDelegate.swift in Sources */,
			);
			runOnlyForDeploymentPostprocessing = 0;
		};
		A128DDFE1B987A39007C0762 /* Sources */ = {
			isa = PBXSourcesBuildPhase;
			buildActionMask = 2147483647;
			files = (
				A128DE071B987A39007C0762 /* FoodTrackerTests.swift in Sources */,
			);
			runOnlyForDeploymentPostprocessing = 0;
		};
/* End PBXSourcesBuildPhase section */

/* Begin PBXTargetDependency section */
		A128DE041B987A39007C0762 /* PBXTargetDependency */ = {
			isa = PBXTargetDependency;
			target = A128DDED1B987A39007C0762 /* FoodTracker */;
			targetProxy = A128DE031B987A39007C0762 /* PBXContainerItemProxy */;
		};
/* End PBXTargetDependency section */

/* Begin PBXVariantGroup section */
		A128DDF51B987A39007C0762 /* Main.storyboard */ = {
			isa = PBXVariantGroup;
			children = (
				A128DDF61B987A39007C0762 /* Base */,
			);
			name = Main.storyboard;
			sourceTree = "<group>";
		};
		A128DDFA1B987A39007C0762 /* LaunchScreen.storyboard */ = {
			isa = PBXVariantGroup;
			children = (
				A128DDFB1B987A39007C0762 /* Base */,
			);
			name = LaunchScreen.storyboard;
			sourceTree = "<group>";
		};
/* End PBXVariantGroup section */

/* Begin XCBuildConfiguration section */
		A128DE091B987A39007C0762 /* Debug */ = {
			isa = XCBuildConfiguration;
			buildSettings = {
				ALWAYS_SEARCH_USER_PATHS = NO;
				CLANG_CXX_LANGUAGE_STANDARD = "gnu++0x";
				CLANG_CXX_LIBRARY = "libc++";
				CLANG_ENABLE_MODULES = YES;
				CLANG_ENABLE_OBJC_ARC = YES;
				CLANG_WARN_BOOL_CONVERSION = YES;
				CLANG_WARN_CONSTANT_CONVERSION = YES;
				CLANG_WARN_DIRECT_OBJC_ISA_USAGE = YES_ERROR;
				CLANG_WARN_EMPTY_BODY = YES;
				CLANG_WARN_ENUM_CONVERSION = YES;
				CLANG_WARN_INT_CONVERSION = YES;
				CLANG_WARN_OBJC_ROOT_CLASS = YES_ERROR;
				CLANG_WARN_UNREACHABLE_CODE = YES;
				CLANG_WARN__DUPLICATE_METHOD_MATCH = YES;
				"CODE_SIGN_IDENTITY[sdk=iphoneos*]" = "iPhone Developer";
				COPY_PHASE_STRIP = NO;
				DEBUG_INFORMATION_FORMAT = dwarf;
				ENABLE_STRICT_OBJC_MSGSEND = YES;
				ENABLE_TESTABILITY = YES;
				GCC_C_LANGUAGE_STANDARD = gnu99;
				GCC_DYNAMIC_NO_PIC = NO;
				GCC_NO_COMMON_BLOCKS = YES;
				GCC_OPTIMIZATION_LEVEL = 0;
				GCC_PREPROCESSOR_DEFINITIONS = (
					"DEBUG=1",
					"$(inherited)",
				);
				GCC_WARN_64_TO_32_BIT_CONVERSION = YES;
				GCC_WARN_ABOUT_RETURN_TYPE = YES_ERROR;
				GCC_WARN_UNDECLARED_SELECTOR = YES;
				GCC_WARN_UNINITIALIZED_AUTOS = YES_AGGRESSIVE;
				GCC_WARN_UNUSED_FUNCTION = YES;
				GCC_WARN_UNUSED_VARIABLE = YES;
				IPHONEOS_DEPLOYMENT_TARGET = 9.0;
				MTL_ENABLE_DEBUG_INFO = YES;
				ONLY_ACTIVE_ARCH = YES;
				SDKROOT = iphoneos;
				SWIFT_OPTIMIZATION_LEVEL = "-Onone";
				TARGETED_DEVICE_FAMILY = "1,2";
			};
			name = Debug;
		};
		A128DE0A1B987A39007C0762 /* Release */ = {
			isa = XCBuildConfiguration;
			buildSettings = {
				ALWAYS_SEARCH_USER_PATHS = NO;
				CLANG_CXX_LANGUAGE_STANDARD = "gnu++0x";
				CLANG_CXX_LIBRARY = "libc++";
				CLANG_ENABLE_MODULES = YES;
				CLANG_ENABLE_OBJC_ARC = YES;
				CLANG_WARN_BOOL_CONVERSION = YES;
				CLANG_WARN_CONSTANT_CONVERSION = YES;
				CLANG_WARN_DIRECT_OBJC_ISA_USAGE = YES_ERROR;
				CLANG_WARN_EMPTY_BODY = YES;
				CLANG_WARN_ENUM_CONVERSION = YES;
				CLANG_WARN_INT_CONVERSION = YES;
				CLANG_WARN_OBJC_ROOT_CLASS = YES_ERROR;
				CLANG_WARN_UNREACHABLE_CODE = YES;
				CLANG_WARN__DUPLICATE_METHOD_MATCH = YES;
				"CODE_SIGN_IDENTITY[sdk=iphoneos*]" = "iPhone Developer";
				COPY_PHASE_STRIP = NO;
				DEBUG_INFORMATION_FORMAT = "dwarf-with-dsym";
				ENABLE_NS_ASSERTIONS = NO;
				ENABLE_STRICT_OBJC_MSGSEND = YES;
				GCC_C_LANGUAGE_STANDARD = gnu99;
				GCC_NO_COMMON_BLOCKS = YES;
				GCC_WARN_64_TO_32_BIT_CONVERSION = YES;
				GCC_WARN_ABOUT_RETURN_TYPE = YES_ERROR;
				GCC_WARN_UNDECLARED_SELECTOR = YES;
				GCC_WARN_UNINITIALIZED_AUTOS = YES_AGGRESSIVE;
				GCC_WARN_UNUSED_FUNCTION = YES;
				GCC_WARN_UNUSED_VARIABLE = YES;
				IPHONEOS_DEPLOYMENT_TARGET = 9.0;
				MTL_ENABLE_DEBUG_INFO = NO;
				SDKROOT = iphoneos;
				TARGETED_DEVICE_FAMILY = "1,2";
				VALIDATE_PRODUCT = YES;
			};
			name = Release;
		};
		A128DE0C1B987A39007C0762 /* Debug */ = {
			isa = XCBuildConfiguration;
			buildSettings = {
				ASSETCATALOG_COMPILER_APPICON_NAME = AppIcon;
				INFOPLIST_FILE = FoodTracker/Info.plist;
				IPHONEOS_DEPLOYMENT_TARGET = 9.0;
				LD_RUNPATH_SEARCH_PATHS = "$(inherited) @executable_path/Frameworks";
				PRODUCT_BUNDLE_IDENTIFIER = com.example.FoodTracker;
				PRODUCT_NAME = "$(TARGET_NAME)";
			};
			name = Debug;
		};
		A128DE0D1B987A39007C0762 /* Release */ = {
			isa = XCBuildConfiguration;
			buildSettings = {
				ASSETCATALOG_COMPILER_APPICON_NAME = AppIcon;
				INFOPLIST_FILE = FoodTracker/Info.plist;
				IPHONEOS_DEPLOYMENT_TARGET = 9.0;
				LD_RUNPATH_SEARCH_PATHS = "$(inherited) @executable_path/Frameworks";
				PRODUCT_BUNDLE_IDENTIFIER = com.example.FoodTracker;
				PRODUCT_NAME = "$(TARGET_NAME)";
			};
			name = Release;
		};
		A128DE0F1B987A39007C0762 /* Debug */ = {
			isa = XCBuildConfiguration;
			buildSettings = {
				BUNDLE_LOADER = "$(TEST_HOST)";
				INFOPLIST_FILE = FoodTrackerTests/Info.plist;
				LD_RUNPATH_SEARCH_PATHS = "$(inherited) @executable_path/Frameworks @loader_path/Frameworks";
				PRODUCT_BUNDLE_IDENTIFIER = com.example.FoodTrackerTests;
				PRODUCT_NAME = "$(TARGET_NAME)";
				TEST_HOST = "$(BUILT_PRODUCTS_DIR)/FoodTracker.app/FoodTracker";
			};
			name = Debug;
		};
		A128DE101B987A39007C0762 /* Release */ = {
			isa = XCBuildConfiguration;
			buildSettings = {
				BUNDLE_LOADER = "$(TEST_HOST)";
				INFOPLIST_FILE = FoodTrackerTests/Info.plist;
				LD_RUNPATH_SEARCH_PATHS = "$(inherited) @executable_path/Frameworks @loader_path/Frameworks";
				PRODUCT_BUNDLE_IDENTIFIER = com.example.FoodTrackerTests;
				PRODUCT_NAME = "$(TARGET_NAME)";
				TEST_HOST = "$(BUILT_PRODUCTS_DIR)/FoodTracker.app/FoodTracker";
			};
			name = Release;
		};
/* End XCBuildConfiguration section */

/* Begin XCConfigurationList section */
		A128DDE91B987A39007C0762 /* Build configuration list for PBXProject "FoodTracker" */ = {
			isa = XCConfigurationList;
			buildConfigurations = (
				A128DE091B987A39007C0762 /* Debug */,
				A128DE0A1B987A39007C0762 /* Release */,
			);
			defaultConfigurationIsVisible = 0;
			defaultConfigurationName = Release;
		};
		A128DE0B1B987A39007C0762 /* Build configuration list for PBXNativeTarget "FoodTracker" */ = {
			isa = XCConfigurationList;
			buildConfigurations = (
				A128DE0C1B987A39007C0762 /* Debug */,
				A128DE0D1B987A39007C0762 /* Release */,
			);
			defaultConfigurationIsVisible = 0;
			defaultConfigurationName = Release;
		};
		A128DE0E1B987A39007C0762 /* Build configuration list for PBXNativeTarget "FoodTrackerTests" */ = {
			isa = XCConfigurationList;
			buildConfigurations = (
				A128DE0F1B987A39007C0762 /* Debug */,
				A128DE101B987A39007C0762 /* Release */,
			);
			defaultConfigurationIsVisible = 0;
			defaultConfigurationName = Release;
		};
/* End XCConfigurationList section */
	};
	rootObject = A128DDE61B987A39007C0762 /* Project object */;
}
